// !$*UTF8*$!
{
	archiveVersion = 1;
	classes = {
	};
	objectVersion = 56;
	objects = {

/* Begin PBXBuildFile section */
		263CD26329F5AA9D008BE92A /* main.swift in Sources */ = {isa = PBXBuildFile; fileRef = 263CD26229F5AA9D008BE92A /* main.swift */; };
		26D2E9C329F61FF300CD6D90 /* Bai1.swift in Sources */ = {isa = PBXBuildFile; fileRef = 26D2E9C229F61FF300CD6D90 /* Bai1.swift */; };
		26D2E9C529F627D300CD6D90 /* Bai9.swift in Sources */ = {isa = PBXBuildFile; fileRef = 26D2E9C429F627D300CD6D90 /* Bai9.swift */; };
		26D2E9C729F64F5300CD6D90 /* Bai5.swift in Sources */ = {isa = PBXBuildFile; fileRef = 26D2E9C629F64F5300CD6D90 /* Bai5.swift */; };
		26D2E9C929F6526500CD6D90 /* Bai6.swift in Sources */ = {isa = PBXBuildFile; fileRef = 26D2E9C829F6526500CD6D90 /* Bai6.swift */; };
		26D2E9CB29F6589F00CD6D90 /* Bai4.swift in Sources */ = {isa = PBXBuildFile; fileRef = 26D2E9CA29F6589F00CD6D90 /* Bai4.swift */; };
		26D2E9CD29F6592A00CD6D90 /* Bai7.swift in Sources */ = {isa = PBXBuildFile; fileRef = 26D2E9CC29F6592A00CD6D90 /* Bai7.swift */; };
		26D2E9CF29F6622800CD6D90 /* Bai8.swift in Sources */ = {isa = PBXBuildFile; fileRef = 26D2E9CE29F6622800CD6D90 /* Bai8.swift */; };
		26D2E9D129F66B1C00CD6D90 /* Bai2.swift in Sources */ = {isa = PBXBuildFile; fileRef = 26D2E9D029F66B1C00CD6D90 /* Bai2.swift */; };
/* End PBXBuildFile section */

/* Begin PBXCopyFilesBuildPhase section */
		263CD25D29F5AA9D008BE92A /* CopyFiles */ = {
			isa = PBXCopyFilesBuildPhase;
			buildActionMask = 2147483647;
			dstPath = /usr/share/man/man1/;
			dstSubfolderSpec = 0;
			files = (
			);
			runOnlyForDeploymentPostprocessing = 1;
		};
/* End PBXCopyFilesBuildPhase section */

/* Begin PBXFileReference section */
		263CD25F29F5AA9D008BE92A /* Baitapbuoi4 */ = {isa = PBXFileReference; explicitFileType = "compiled.mach-o.executable"; includeInIndex = 0; path = Baitapbuoi4; sourceTree = BUILT_PRODUCTS_DIR; };
		263CD26229F5AA9D008BE92A /* main.swift */ = {isa = PBXFileReference; lastKnownFileType = sourcecode.swift; path = main.swift; sourceTree = "<group>"; };
		26D2E9C229F61FF300CD6D90 /* Bai1.swift */ = {isa = PBXFileReference; lastKnownFileType = sourcecode.swift; path = Bai1.swift; sourceTree = "<group>"; };
		26D2E9C429F627D300CD6D90 /* Bai9.swift */ = {isa = PBXFileReference; lastKnownFileType = sourcecode.swift; path = Bai9.swift; sourceTree = "<group>"; };
		26D2E9C629F64F5300CD6D90 /* Bai5.swift */ = {isa = PBXFileReference; lastKnownFileType = sourcecode.swift; path = Bai5.swift; sourceTree = "<group>"; };
		26D2E9C829F6526500CD6D90 /* Bai6.swift */ = {isa = PBXFileReference; lastKnownFileType = sourcecode.swift; path = Bai6.swift; sourceTree = "<group>"; };
		26D2E9CA29F6589F00CD6D90 /* Bai4.swift */ = {isa = PBXFileReference; lastKnownFileType = sourcecode.swift; path = Bai4.swift; sourceTree = "<group>"; };
		26D2E9CC29F6592A00CD6D90 /* Bai7.swift */ = {isa = PBXFileReference; lastKnownFileType = sourcecode.swift; path = Bai7.swift; sourceTree = "<group>"; };
		26D2E9CE29F6622800CD6D90 /* Bai8.swift */ = {isa = PBXFileReference; lastKnownFileType = sourcecode.swift; path = Bai8.swift; sourceTree = "<group>"; };
		26D2E9D029F66B1C00CD6D90 /* Bai2.swift */ = {isa = PBXFileReference; lastKnownFileType = sourcecode.swift; path = Bai2.swift; sourceTree = "<group>"; };
/* End PBXFileReference section */

/* Begin PBXFrameworksBuildPhase section */
		263CD25C29F5AA9D008BE92A /* Frameworks */ = {
			isa = PBXFrameworksBuildPhase;
			buildActionMask = 2147483647;
			files = (
			);
			runOnlyForDeploymentPostprocessing = 0;
		};
/* End PBXFrameworksBuildPhase section */

/* Begin PBXGroup section */
		263CD25629F5AA9D008BE92A = {
			isa = PBXGroup;
			children = (
				263CD26129F5AA9D008BE92A /* Baitapbuoi4 */,
				263CD26029F5AA9D008BE92A /* Products */,
			);
			sourceTree = "<group>";
		};
		263CD26029F5AA9D008BE92A /* Products */ = {
			isa = PBXGroup;
			children = (
				263CD25F29F5AA9D008BE92A /* Baitapbuoi4 */,
			);
			name = Products;
			sourceTree = "<group>";
		};
		263CD26129F5AA9D008BE92A /* Baitapbuoi4 */ = {
			isa = PBXGroup;
			children = (
				263CD26229F5AA9D008BE92A /* main.swift */,
				26D2E9C229F61FF300CD6D90 /* Bai1.swift */,
				26D2E9D029F66B1C00CD6D90 /* Bai2.swift */,
				26D2E9CA29F6589F00CD6D90 /* Bai4.swift */,
				26D2E9C629F64F5300CD6D90 /* Bai5.swift */,
				26D2E9C829F6526500CD6D90 /* Bai6.swift */,
				26D2E9CC29F6592A00CD6D90 /* Bai7.swift */,
				26D2E9CE29F6622800CD6D90 /* Bai8.swift */,
				26D2E9C429F627D300CD6D90 /* Bai9.swift */,
			);
			path = Baitapbuoi4;
			sourceTree = "<group>";
		};
/* End PBXGroup section */

/* Begin PBXNativeTarget section */
		263CD25E29F5AA9D008BE92A /* Baitapbuoi4 */ = {
			isa = PBXNativeTarget;
			buildConfigurationList = 263CD26629F5AA9D008BE92A /* Build configuration list for PBXNativeTarget "Baitapbuoi4" */;
			buildPhases = (
				263CD25B29F5AA9D008BE92A /* Sources */,
				263CD25C29F5AA9D008BE92A /* Frameworks */,
				263CD25D29F5AA9D008BE92A /* CopyFiles */,
			);
			buildRules = (
			);
			dependencies = (
			);
			name = Baitapbuoi4;
			productName = Baitapbuoi4;
			productReference = 263CD25F29F5AA9D008BE92A /* Baitapbuoi4 */;
			productType = "com.apple.product-type.tool";
		};
/* End PBXNativeTarget section */

/* Begin PBXProject section */
		263CD25729F5AA9D008BE92A /* Project object */ = {
			isa = PBXProject;
			attributes = {
				BuildIndependentTargetsInParallel = 1;
				LastSwiftUpdateCheck = 1430;
				LastUpgradeCheck = 1430;
				TargetAttributes = {
					263CD25E29F5AA9D008BE92A = {
						CreatedOnToolsVersion = 14.3;
					};
				};
			};
			buildConfigurationList = 263CD25A29F5AA9D008BE92A /* Build configuration list for PBXProject "Baitapbuoi4" */;
			compatibilityVersion = "Xcode 14.0";
			developmentRegion = en;
			hasScannedForEncodings = 0;
			knownRegions = (
				en,
				Base,
			);
			mainGroup = 263CD25629F5AA9D008BE92A;
			productRefGroup = 263CD26029F5AA9D008BE92A /* Products */;
			projectDirPath = "";
			projectRoot = "";
			targets = (
				263CD25E29F5AA9D008BE92A /* Baitapbuoi4 */,
			);
		};
/* End PBXProject section */

/* Begin PBXSourcesBuildPhase section */
		263CD25B29F5AA9D008BE92A /* Sources */ = {
			isa = PBXSourcesBuildPhase;
			buildActionMask = 2147483647;
			files = (
				26D2E9C329F61FF300CD6D90 /* Bai1.swift in Sources */,
				26D2E9CF29F6622800CD6D90 /* Bai8.swift in Sources */,
				26D2E9CD29F6592A00CD6D90 /* Bai7.swift in Sources */,
				26D2E9CB29F6589F00CD6D90 /* Bai4.swift in Sources */,
				26D2E9D129F66B1C00CD6D90 /* Bai2.swift in Sources */,
				26D2E9C529F627D300CD6D90 /* Bai9.swift in Sources */,
				26D2E9C729F64F5300CD6D90 /* Bai5.swift in Sources */,
				26D2E9C929F6526500CD6D90 /* Bai6.swift in Sources */,
				263CD26329F5AA9D008BE92A /* main.swift in Sources */,
			);
			runOnlyForDeploymentPostprocessing = 0;
		};
/* End PBXSourcesBuildPhase section */

/* Begin XCBuildConfiguration section */
		263CD26429F5AA9D008BE92A /* Debug */ = {
			isa = XCBuildConfiguration;
			buildSettings = {
				ALWAYS_SEARCH_USER_PATHS = NO;
				CLANG_ANALYZER_NONNULL = YES;
				CLANG_ANALYZER_NUMBER_OBJECT_CONVERSION = YES_AGGRESSIVE;
				CLANG_CXX_LANGUAGE_STANDARD = "gnu++20";
				CLANG_ENABLE_MODULES = YES;
				CLANG_ENABLE_OBJC_ARC = YES;
				CLANG_ENABLE_OBJC_WEAK = YES;
				CLANG_WARN_BLOCK_CAPTURE_AUTORELEASING = YES;
				CLANG_WARN_BOOL_CONVERSION = YES;
				CLANG_WARN_COMMA = YES;
				CLANG_WARN_CONSTANT_CONVERSION = YES;
				CLANG_WARN_DEPRECATED_OBJC_IMPLEMENTATIONS = YES;
				CLANG_WARN_DIRECT_OBJC_ISA_USAGE = YES_ERROR;
				CLANG_WARN_DOCUMENTATION_COMMENTS = YES;
				CLANG_WARN_EMPTY_BODY = YES;
				CLANG_WARN_ENUM_CONVERSION = YES;
				CLANG_WARN_INFINITE_RECURSION = YES;
				CLANG_WARN_INT_CONVERSION = YES;
				CLANG_WARN_NON_LITERAL_NULL_CONVERSION = YES;
				CLANG_WARN_OBJC_IMPLICIT_RETAIN_SELF = YES;
				CLANG_WARN_OBJC_LITERAL_CONVERSION = YES;
				CLANG_WARN_OBJC_ROOT_CLASS = YES_ERROR;
				CLANG_WARN_QUOTED_INCLUDE_IN_FRAMEWORK_HEADER = YES;
				CLANG_WARN_RANGE_LOOP_ANALYSIS = YES;
				CLANG_WARN_STRICT_PROTOTYPES = YES;
				CLANG_WARN_SUSPICIOUS_MOVE = YES;
				CLANG_WARN_UNGUARDED_AVAILABILITY = YES_AGGRESSIVE;
				CLANG_WARN_UNREACHABLE_CODE = YES;
				CLANG_WARN__DUPLICATE_METHOD_MATCH = YES;
				COPY_PHASE_STRIP = NO;
				DEBUG_INFORMATION_FORMAT = dwarf;
				ENABLE_STRICT_OBJC_MSGSEND = YES;
				ENABLE_TESTABILITY = YES;
				GCC_C_LANGUAGE_STANDARD = gnu11;
				GCC_DYNAMIC_NO_PIC = NO;
				GCC_NO_COMMON_BLOCKS = YES;
				GCC_OPTIMIZATION_LEVEL = 0;
				GCC_PREPROCESSOR_DEFINITIONS = (
					"DEBUG=1",
					"$(inherited)",
				);
				GCC_WARN_64_TO_32_BIT_CONVERSION = YES;
				GCC_WARN_ABOUT_RETURN_TYPE = YES_ERROR;
				GCC_WARN_UNDECLARED_SELECTOR = YES;
				GCC_WARN_UNINITIALIZED_AUTOS = YES_AGGRESSIVE;
				GCC_WARN_UNUSED_FUNCTION = YES;
				GCC_WARN_UNUSED_VARIABLE = YES;
				MACOSX_DEPLOYMENT_TARGET = 13.3;
				MTL_ENABLE_DEBUG_INFO = INCLUDE_SOURCE;
				MTL_FAST_MATH = YES;
				ONLY_ACTIVE_ARCH = YES;
				SDKROOT = macosx;
				SWIFT_ACTIVE_COMPILATION_CONDITIONS = DEBUG;
				SWIFT_OPTIMIZATION_LEVEL = "-Onone";
			};
			name = Debug;
		};
		263CD26529F5AA9D008BE92A /* Release */ = {
			isa = XCBuildConfiguration;
			buildSettings = {
				ALWAYS_SEARCH_USER_PATHS = NO;
				CLANG_ANALYZER_NONNULL = YES;
				CLANG_ANALYZER_NUMBER_OBJECT_CONVERSION = YES_AGGRESSIVE;
				CLANG_CXX_LANGUAGE_STANDARD = "gnu++20";
				CLANG_ENABLE_MODULES = YES;
				CLANG_ENABLE_OBJC_ARC = YES;
				CLANG_ENABLE_OBJC_WEAK = YES;
				CLANG_WARN_BLOCK_CAPTURE_AUTORELEASING = YES;
				CLANG_WARN_BOOL_CONVERSION = YES;
				CLANG_WARN_COMMA = YES;
				CLANG_WARN_CONSTANT_CONVERSION = YES;
				CLANG_WARN_DEPRECATED_OBJC_IMPLEMENTATIONS = YES;
				CLANG_WARN_DIRECT_OBJC_ISA_USAGE = YES_ERROR;
				CLANG_WARN_DOCUMENTATION_COMMENTS = YES;
				CLANG_WARN_EMPTY_BODY = YES;
				CLANG_WARN_ENUM_CONVERSION = YES;
				CLANG_WARN_INFINITE_RECURSION = YES;
				CLANG_WARN_INT_CONVERSION = YES;
				CLANG_WARN_NON_LITERAL_NULL_CONVERSION = YES;
				CLANG_WARN_OBJC_IMPLICIT_RETAIN_SELF = YES;
				CLANG_WARN_OBJC_LITERAL_CONVERSION = YES;
				CLANG_WARN_OBJC_ROOT_CLASS = YES_ERROR;
				CLANG_WARN_QUOTED_INCLUDE_IN_FRAMEWORK_HEADER = YES;
				CLANG_WARN_RANGE_LOOP_ANALYSIS = YES;
				CLANG_WARN_STRICT_PROTOTYPES = YES;
				CLANG_WARN_SUSPICIOUS_MOVE = YES;
				CLANG_WARN_UNGUARDED_AVAILABILITY = YES_AGGRESSIVE;
				CLANG_WARN_UNREACHABLE_CODE = YES;
				CLANG_WARN__DUPLICATE_METHOD_MATCH = YES;
				COPY_PHASE_STRIP = NO;
				DEBUG_INFORMATION_FORMAT = "dwarf-with-dsym";
				ENABLE_NS_ASSERTIONS = NO;
				ENABLE_STRICT_OBJC_MSGSEND = YES;
				GCC_C_LANGUAGE_STANDARD = gnu11;
				GCC_NO_COMMON_BLOCKS = YES;
				GCC_WARN_64_TO_32_BIT_CONVERSION = YES;
				GCC_WARN_ABOUT_RETURN_TYPE = YES_ERROR;
				GCC_WARN_UNDECLARED_SELECTOR = YES;
				GCC_WARN_UNINITIALIZED_AUTOS = YES_AGGRESSIVE;
				GCC_WARN_UNUSED_FUNCTION = YES;
				GCC_WARN_UNUSED_VARIABLE = YES;
				MACOSX_DEPLOYMENT_TARGET = 13.3;
				MTL_ENABLE_DEBUG_INFO = NO;
				MTL_FAST_MATH = YES;
				SDKROOT = macosx;
				SWIFT_COMPILATION_MODE = wholemodule;
				SWIFT_OPTIMIZATION_LEVEL = "-O";
			};
			name = Release;
		};
		263CD26729F5AA9D008BE92A /* Debug */ = {
			isa = XCBuildConfiguration;
			buildSettings = {
				CODE_SIGN_STYLE = Automatic;
				PRODUCT_NAME = "$(TARGET_NAME)";
				SWIFT_VERSION = 5.0;
			};
			name = Debug;
		};
		263CD26829F5AA9D008BE92A /* Release */ = {
			isa = XCBuildConfiguration;
			buildSettings = {
				CODE_SIGN_STYLE = Automatic;
				PRODUCT_NAME = "$(TARGET_NAME)";
				SWIFT_VERSION = 5.0;
			};
			name = Release;
		};
/* End XCBuildConfiguration section */

/* Begin XCConfigurationList section */
		263CD25A29F5AA9D008BE92A /* Build configuration list for PBXProject "Baitapbuoi4" */ = {
			isa = XCConfigurationList;
			buildConfigurations = (
				263CD26429F5AA9D008BE92A /* Debug */,
				263CD26529F5AA9D008BE92A /* Release */,
			);
			defaultConfigurationIsVisible = 0;
			defaultConfigurationName = Release;
		};
		263CD26629F5AA9D008BE92A /* Build configuration list for PBXNativeTarget "Baitapbuoi4" */ = {
			isa = XCConfigurationList;
			buildConfigurations = (
				263CD26729F5AA9D008BE92A /* Debug */,
				263CD26829F5AA9D008BE92A /* Release */,
			);
			defaultConfigurationIsVisible = 0;
			defaultConfigurationName = Release;
		};
/* End XCConfigurationList section */
	};
	rootObject = 263CD25729F5AA9D008BE92A /* Project object */;
}
